github.com/HugoSmits86/nativewebp v1.2.1 h1:dJbfulw6WRf6rTcth6TwgEVwlBeP3vdZIJUIoySmeHQ=
github.com/HugoSmits86/nativewebp v1.2.1/go.mod h1:YNQuWenlVmSUUASVNhTDwf4d7FwYQGbGhklC8p72Vr8=
github.com/disintegration/imaging v1.6.2 h1:w1LecBlG2Lnp8B3jk5zSuNqd7b4DXhcjwek1ei82L+c=
github.com/disintegration/imaging v1.6.2/go.mod h1:44/5580QXChDfwIclfc/PCwrr44amcmDAg8hxG0Ewe4=
github.com/tdewolff/minify/v2 v2.24.8 h1:58/VjsbevI4d5FGV0ZSuBrHMSSkH4MCH0sIz/eKIauE=
github.com/tdewolff/minify/v2 v2.24.8/go.mod h1:0Ukj0CRpo/sW/nd8uZ4ccXaV1rEVIWA3dj8U7+Shhfw=
github.com/tdewolff/parse/v2 v2.8.5 h1:ZmBiA/8Do5Rpk7bDye0jbbDUpXXbCdc3iah4VeUvwYU=
github.com/tdewolff/parse/v2 v2.8.5/go.mod h1:Hwlni2tiVNKyzR1o6nUs4FOF07URA+JLBLd6dlIXYqo=
github.com/tdewolff/test v1.0.11 h1:FdLbwQVHxqG16SlkGveC0JVyrJN62COWTRyUFzfbtBE=
github.com/tdewolff/test v1.0.11/go.mod h1:XPuWBzvdUzhCuxWO1ojpXsyzsA5bFoS3tO/Q3kFuTG8=
github.com/tinywasm/color v0.1.1 h1:S00T0XR42Q3sDpfJELNnF0HFxMh9gApH4SnA0Ml6Q7A=
github.com/tinywasm/color v0.1.1/go.mod h1:0wqAVE1k2GxXIX/v1G+w97J8YRpispYcDa7M75H+umI=
github.com/tinywasm/context v0.0.18 h1:uKeiAFo6L/PikGSbUu+xcyELGoa4kXomDNwJOlhxrUE=
github.com/tinywasm/context v0.0.18/go.mod h1:3AHZHMiiVZljEGNuYMaLM2OXdZ3bXjoMCmqx3sEGXsA=
github.com/tinywasm/css v0.4.15 h1:EnBh4exxACZIB/WYOgF5uWRxQGSRFjYn/wRDM2mgnfU=
github.com/tinywasm/css v0.4.15/go.mod h1:EyCY2mFW664qIyqTQKW1mgkg7cqAK3oF6igiwYdGV5k=
github.com/tinywasm/dom v0.13.5 h1:CklQl/U/pJn5Pka3n5xf8xEObFLxuKxrrpXPLGiprWY=
github.com/tinywasm/dom v0.13.5/go.mod h1:foT4zhFHK4T8ZNPjgT539dAfdslSdY/hD7V0g9CUNgY=
github.com/tinywasm/fetch v0.1.24 h1:UynB2NPPgYrwcRx6ZujkRUTlfUUkNs60J0O63/1FmAs=
github.com/tinywasm/fetch v0.1.24/go.mod h1:Hx9bkdjC5fcf++EWjHKUzEn2OZpUbfoXNQV8tbdC5SI=
github.com/tinywasm/fmt v0.25.7 h1:Rju5B7LfrGu2QOA0L5IN0Cb9NwH5h8afGbawnF59Mec=
github.com/tinywasm/fmt v0.25.7/go.mod h1:2Y4hlsQxqVsZ5z9vQL5XQbEzLQtQOr1Bhp44nPGfydA=
github.com/tinywasm/font v0.0.4 h1:dugQHev1xk2YzA01xpqV4WLCHxEmk6JEu2GkDbPxlfE=
github.com/tinywasm/font v0.0.4/go.mod h1:mc8y0jI0VWgsSNEk5f0G3x61Xah4xyfOf9/ds3YaLD8=
github.com/tinywasm/html v0.0.17 h1:RROL3aLAGvAAQKsIPK+3XGjr1wOp7PZzxQno0kK69JI=
github.com/tinywasm/html v0.0.17/go.mod h1:y9CxJFeZBj3iR+TXwudMMiUrIXMQHIYojJKpYZH6NrA=
github.com/tinywasm/image v0.1.0 h1:66ixBisq+gF8UA+nQ6mUdrLX99h5BEU9HfMKGmzf/As=
github.com/tinywasm/image v0.1.0/go.mod h1:NSOvhqNRr4hcrDtXxOATJAUu3Prg8j+xyIfcH0J1fzU=
github.com/tinywasm/js v0.0.4 h1:dG4SHMpY48kg0A6rnL4aqf6pclurV52y893fG0ovfJ4=
github.com/tinywasm/js v0.0.4/go.mod h1:VNNOpFiVwfN3B6ZYG9HPZRp8sCOjcNd78c5TQcPzf0E=
github.com/tinywasm/json v0.5.22 h1:4+C/sxeQeLFqZ+h8ZbBfSIthwQwOlxkRPgIN/OSMWyE=
github.com/tinywasm/json v0.5.22/go.mod h1:Fvggb9gLu5IuAFfmLlPTg2oGI++790mqWzQquJSU22s=
github.com/tinywasm/model v0.1.4 h1:ZXz/LB9bUVzfiPO3R8iMDbZ6j2DCdR+rOV67zDaE7VE=
github.com/tinywasm/model v0.1.4/go.mod h1:Cx/RTzSOH/DM2DtP6JqdhIRTDlf31EstTV5Y0RSp/dg=
github.com/tinywasm/modfind v0.0.4 h1:g7EFZArEftll9pxg5VAToIltVnEMRWfE+KEjPJpsNgY=
github.com/tinywasm/modfind v0.0.4/go.mod h1:g1ZkkxCZ7vwDI5O23AMWlPJy4ctRWfWKZX/y+KMH1FM=
github.com/tinywasm/router v0.1.26 h1:WauhkdCnbGrWo8klUWisGZxlyQxC9U53rylyoOHdD18=
github.com/tinywasm/router v0.1.26/go.mod h1:fTvCObueV3mVMaUaKhgpMaohdLd764U0ZsC3xGHBqyI=
github.com/tinywasm/svg v0.3.0 h1:9UbQynNnV6ix5yzfFO+gknYGSgvLJVlW6E/JNQ9ljFw=
github.com/tinywasm/svg v0.3.0/go.mod h1:hzq6bL+1AdSgE01nVOdHY2ATaI7fxDC3Ztt3Iw0p0sA=
github.com/tinywasm/tinygo v0.0.11 h1:mdSPat9PcIcT1ZW6y+7DJmAbne2vLHVpTHqTCRL/L/A=
github.com/tinywasm/tinygo v0.0.11/go.mod h1:AFP4RTqJN9HKR/AWwXSibOF0HwlHIIpBNP0KWO2nvCU=
golang.org/x/image v0.0.0-20191009234506-e7c1f5e7dbb8/go.mod h1:FeLwcggjj3mMvU+oOTbSwawSJRM1uh48EjtB4UJZlP0=
golang.org/x/image v0.45.0 h1:FMb1nTbH5H9vF55SriQHgFw5GnNL9Jg6L25BwXKzhB0=
golang.org/x/image v0.45.0/go.mod h1:n62x/7RqlwXDvGsSU4u6IUTUf6KghUZ9Bt7cG/T9Fx4=
golang.org/x/text v0.3.0/go.mod h1:NqM8EUOU14njkJ3fqMW+pc6Ldnwhi/IjpwHt7yyuwOQ=
