github.com/tdewolff/minify/v2 v2.24.8 h1:58/VjsbevI4d5FGV0ZSuBrHMSSkH4MCH0sIz/eKIauE=
github.com/tdewolff/minify/v2 v2.24.8/go.mod h1:0Ukj0CRpo/sW/nd8uZ4ccXaV1rEVIWA3dj8U7+Shhfw=
github.com/tdewolff/parse/v2 v2.8.5 h1:ZmBiA/8Do5Rpk7bDye0jbbDUpXXbCdc3iah4VeUvwYU=
github.com/tdewolff/parse/v2 v2.8.5/go.mod h1:Hwlni2tiVNKyzR1o6nUs4FOF07URA+JLBLd6dlIXYqo=
github.com/tdewolff/test v1.0.11 h1:FdLbwQVHxqG16SlkGveC0JVyrJN62COWTRyUFzfbtBE=
github.com/tdewolff/test v1.0.11/go.mod h1:XPuWBzvdUzhCuxWO1ojpXsyzsA5bFoS3tO/Q3kFuTG8=
github.com/tinywasm/assetmin v0.4.1 h1:KV9+D/9CvUqsGqv2nXbtn5ZfBzvBSxGbbXG/7apvnKo=
github.com/tinywasm/assetmin v0.4.1/go.mod h1:cJ/TWhUDzfZYpulzh8KPvQ9Os1g9RKv6TzU2o+WmoS4=
github.com/tinywasm/context v0.0.18 h1:uKeiAFo6L/PikGSbUu+xcyELGoa4kXomDNwJOlhxrUE=
github.com/tinywasm/context v0.0.18/go.mod h1:3AHZHMiiVZljEGNuYMaLM2OXdZ3bXjoMCmqx3sEGXsA=
github.com/tinywasm/css v0.1.2 h1:uHo47WjORHJcwb0+kn9g9iHajR0TLuWK8ot6O+NR54k=
github.com/tinywasm/css v0.1.2/go.mod h1:8Vio+yx+M8T+cjMUszJeaU1jB+icFrenoa3iGML/G+o=
github.com/tinywasm/dom v0.10.1 h1:sqgLMTsX6BXHc+8uh+78C9pusn3j5/60msqBHmCPIR4=
github.com/tinywasm/dom v0.10.1/go.mod h1:5wey9MA4V9Ob6VX2JRkzTeBLVEX6w594zkcOzu26ac8=
github.com/tinywasm/fetch v0.1.24 h1:UynB2NPPgYrwcRx6ZujkRUTlfUUkNs60J0O63/1FmAs=
github.com/tinywasm/fetch v0.1.24/go.mod h1:Hx9bkdjC5fcf++EWjHKUzEn2OZpUbfoXNQV8tbdC5SI=
github.com/tinywasm/fmt v0.24.0 h1:XH2IofX80pMr4NFgt4KS6Ho0g2m55gPWw9cCfILd6BI=
github.com/tinywasm/fmt v0.24.0/go.mod h1:L2GCAi6asgytPV6TVvGrRq5Ml+DkUt1Ijo5i/2J1jOY=
github.com/tinywasm/html v0.0.3 h1:hjhBUfXKpHmGW7rk9wjARoeXEZ6cSeVK/e32V36B9kQ=
github.com/tinywasm/html v0.0.3/go.mod h1:FmIHaRlJ85wYzWCfJkC+BKaJ6DE//Ek+JX3aTjFNGY0=
github.com/tinywasm/js v0.0.4 h1:dG4SHMpY48kg0A6rnL4aqf6pclurV52y893fG0ovfJ4=
github.com/tinywasm/js v0.0.4/go.mod h1:VNNOpFiVwfN3B6ZYG9HPZRp8sCOjcNd78c5TQcPzf0E=
github.com/tinywasm/modfind v0.0.3 h1:Cr0qmdMXpCZ8LZsIzZiqWTaUBbEHwSu4RqrOzWAlt+A=
github.com/tinywasm/modfind v0.0.3/go.mod h1:TVjfN0qzaP79lX64xJVO5ndHULgbbV/gnRw/jVupj78=
github.com/tinywasm/svg v0.0.5 h1:GrYEYta7r7UoAMZTnppB/4TGYGTjZvbOEmJsapR5VVY=
github.com/tinywasm/svg v0.0.5/go.mod h1:o4rxzfbxvnNBD2VawJFbJlqEeusRZCrcPAvbr30vJWs=
