github.com/tdewolff/minify/v2 v2.24.8 h1:58/VjsbevI4d5FGV0ZSuBrHMSSkH4MCH0sIz/eKIauE=
github.com/tdewolff/minify/v2 v2.24.8/go.mod h1:0Ukj0CRpo/sW/nd8uZ4ccXaV1rEVIWA3dj8U7+Shhfw=
github.com/tdewolff/parse/v2 v2.8.5 h1:ZmBiA/8Do5Rpk7bDye0jbbDUpXXbCdc3iah4VeUvwYU=
github.com/tdewolff/parse/v2 v2.8.5/go.mod h1:Hwlni2tiVNKyzR1o6nUs4FOF07URA+JLBLd6dlIXYqo=
github.com/tdewolff/test v1.0.11 h1:FdLbwQVHxqG16SlkGveC0JVyrJN62COWTRyUFzfbtBE=
github.com/tdewolff/test v1.0.11/go.mod h1:XPuWBzvdUzhCuxWO1ojpXsyzsA5bFoS3tO/Q3kFuTG8=
github.com/tinywasm/assetmin v0.4.6 h1:Y9Y7vXfNJiV9xXRIOTns5esh1NQHd8Gk1reNKkz3fMo=
github.com/tinywasm/assetmin v0.4.6/go.mod h1:lyU8tzRiyA6TGBOBw/4M3IlCcdBznWXDvmwv0d7xYGM=
github.com/tinywasm/context v0.0.18 h1:uKeiAFo6L/PikGSbUu+xcyELGoa4kXomDNwJOlhxrUE=
github.com/tinywasm/context v0.0.18/go.mod h1:3AHZHMiiVZljEGNuYMaLM2OXdZ3bXjoMCmqx3sEGXsA=
github.com/tinywasm/css v0.1.4 h1:xlAc4un6hXT9QYffwc9ts+kjrFP2iXc+StwRW4GQqwU=
github.com/tinywasm/css v0.1.4/go.mod h1:CSeW2LF+qWD2yx99DtVw2nk3u0jDy/mU6w8fY1koCwg=
github.com/tinywasm/dom v0.11.2 h1:IbM/wUL/LIgkA1r53ybXg21nOVJwBiZRWOBwhhmEF5E=
github.com/tinywasm/dom v0.11.2/go.mod h1:tzhYHgoqEl1w6kBBYK0CTYmc1mqzFk1LmyYG0tm5dmY=
github.com/tinywasm/fetch v0.1.24 h1:UynB2NPPgYrwcRx6ZujkRUTlfUUkNs60J0O63/1FmAs=
github.com/tinywasm/fetch v0.1.24/go.mod h1:Hx9bkdjC5fcf++EWjHKUzEn2OZpUbfoXNQV8tbdC5SI=
github.com/tinywasm/fmt v0.25.3 h1:CkyjeKvSFM8BxRWleb4gaPak8Fe+VKPWvnW0UU7KvQE=
github.com/tinywasm/fmt v0.25.3/go.mod h1:L2GCAi6asgytPV6TVvGrRq5Ml+DkUt1Ijo5i/2J1jOY=
github.com/tinywasm/html v0.0.5 h1:a6CwRepD2YUQ6FP5vuoaZxJRFG/A4iIFKb+yFBuYvh4=
github.com/tinywasm/html v0.0.5/go.mod h1:ffPNOzJZuIy/KTY3SQ/FOvFfSBi3z1C6ZyiS7RrtHyc=
github.com/tinywasm/js v0.0.4 h1:dG4SHMpY48kg0A6rnL4aqf6pclurV52y893fG0ovfJ4=
github.com/tinywasm/js v0.0.4/go.mod h1:VNNOpFiVwfN3B6ZYG9HPZRp8sCOjcNd78c5TQcPzf0E=
github.com/tinywasm/json v0.5.11 h1:hG8RYmwtbxs4pC/i3EgQgsWe2C42LhUSA3i+YzPt818=
github.com/tinywasm/json v0.5.11/go.mod h1:6UeL7bWypYLIWsF12pOOwpYJci8YmW02+d85dShStL8=
github.com/tinywasm/model v0.0.9 h1:je30Elwnj6GDuxKULIJ41F6hNd2B3nak0QVgvHKWq0s=
github.com/tinywasm/model v0.0.9/go.mod h1:wkYZLW6CWVrlx5TiLEBL71KgDxhjUcFtY3KXZKpkCXA=
github.com/tinywasm/modfind v0.0.4 h1:g7EFZArEftll9pxg5VAToIltVnEMRWfE+KEjPJpsNgY=
github.com/tinywasm/modfind v0.0.4/go.mod h1:g1ZkkxCZ7vwDI5O23AMWlPJy4ctRWfWKZX/y+KMH1FM=
github.com/tinywasm/router v0.1.7 h1:E7V43NeS6FDTfyGBRts2rJQCN9b5904OZTAHULA3il0=
github.com/tinywasm/router v0.1.7/go.mod h1:AKhRia5yjldls330ZSRyhQ9qPi+k7Lg1+KZ2ivziTDk=
github.com/tinywasm/svg v0.1.3 h1:UIvWjctM3Bdxf/awDKHf2xhM2h1CB3PmK7tNJm1xAO8=
github.com/tinywasm/svg v0.1.3/go.mod h1:kLzyRzr4ih5LTGhW86J49KlE32okOZhZ5hsLdl6zWzc=
